{
	"name": "MyProject",
	"version": "1.0.0",
	"lockfileVersion": 1,
	"requires": true,
	"dependencies": {
		"ansi-styles": {
			"version": "4.3.0",
			"resolved": "https://registry.npmjs.org/ansi-styles/-/ansi-styles-4.3.0.tgz",
			"integrity": "sha512-zbB9rCJAT1rbjiVDb2hqKFHNYLxgtk8NURxZ3IZwD3F6NtxbXZQCnnSi1Lkx+IDohdPlFp222wVALIheZJQSEg==",
			"requires": {
				"color-convert": "^2.0.1"
			}
		},
		"arr-union": {
			"version": "3.1.0",
			"resolved": "https://registry.npmjs.org/arr-union/-/arr-union-3.1.0.tgz",
			"integrity": "sha1-45sJrqne+Gao8gbiiK9jkZuuOcQ="
		},
		"chalk": {
			"version": "4.1.0",
			"resolved": "https://registry.npmjs.org/chalk/-/chalk-4.1.0.tgz",
			"integrity": "sha512-qwx12AxXe2Q5xQ43Ac//I6v5aXTipYrSESdOgzrN+9XjgEpyjpKuvSGaN4qE93f7TQTlerQQ8S+EQ0EyDoVL1A==",
			"requires": {
				"ansi-styles": "^4.1.0",
				"supports-color": "^7.1.0"
			}
		},
		"clone-deep": {
			"version": "0.2.4",
			"resolved": "https://registry.npmjs.org/clone-deep/-/clone-deep-0.2.4.tgz",
			"integrity": "sha1-TnPdCen7lxzDhnDF3O2cGJZIHMY=",
			"requires": {
				"for-own": "^0.1.3",
				"is-plain-object": "^2.0.1",
				"kind-of": "^3.0.2",
				"lazy-cache": "^1.0.3",
				"shallow-clone": "^0.1.2"
			}
		},
		"color-convert": {
			"version": "2.0.1",
			"resolved": "https://registry.npmjs.org/color-convert/-/color-convert-2.0.1.tgz",
			"integrity": "sha512-RRECPsj7iu/xb5oKYcsFHSppFNnsj/52OVTRKb4zP5onXwVF3zVmmToNcOfGC+CRDpfK/U584fMg38ZHCaElKQ==",
			"requires": {
				"color-name": "~1.1.4"
			}
		},
		"color-name": {
			"version": "1.1.4",
			"resolved": "https://registry.npmjs.org/color-name/-/color-name-1.1.4.tgz",
			"integrity": "sha512-dOy+3AuW3a2wNbZHIuMZpTcgjGuLU/uBL/ubcZF9OXbDo8ff4O8yVp5Bf0efS8uEoYo5q4Fx7dY9OgQGXgAsQA=="
		},
		"cross-env": {
			"version": "7.0.2",
			"resolved": "https://registry.npmjs.org/cross-env/-/cross-env-7.0.2.tgz",
			"integrity": "sha512-KZP/bMEOJEDCkDQAyRhu3RL2ZO/SUVrxQVI0G3YEQ+OLbRA3c6zgixe8Mq8a/z7+HKlNEjo8oiLUs8iRijY2Rw==",
			"dev": true,
			"requires": {
				"cross-spawn": "^7.0.1"
			}
		},
		"cross-spawn": {
			"version": "7.0.3",
			"resolved": "https://registry.npmjs.org/cross-spawn/-/cross-spawn-7.0.3.tgz",
			"integrity": "sha512-iRDPJKUPVEND7dHPO8rkbOnPpyDygcDFtWjpeWNCgy8WP2rXcxXL8TskReQl6OrB2G7+UJrags1q15Fudc7G6w==",
			"dev": true,
			"requires": {
				"path-key": "^3.1.0",
				"shebang-command": "^2.0.0",
				"which": "^2.0.1"
			}
		},
		"for-in": {
			"version": "1.0.2",
			"resolved": "https://registry.npmjs.org/for-in/-/for-in-1.0.2.tgz",
			"integrity": "sha1-gQaNKVqBQuwKxybG4iAMMPttXoA="
		},
		"for-own": {
			"version": "0.1.5",
			"resolved": "https://registry.npmjs.org/for-own/-/for-own-0.1.5.tgz",
			"integrity": "sha1-UmXGgaTylNq78XyVCbZ2OqhFEM4=",
			"requires": {
				"for-in": "^1.0.1"
			}
		},
		"has-flag": {
			"version": "4.0.0",
			"resolved": "https://registry.npmjs.org/has-flag/-/has-flag-4.0.0.tgz",
			"integrity": "sha512-EykJT/Q1KjTWctppgIAgfSO0tKVuZUjhgMr17kqTumMl6Afv3EISleU7qZUzoXDFTAHTDC4NOoG/ZxU3EvlMPQ=="
		},
		"is-buffer": {
			"version": "1.1.6",
			"resolved": "https://registry.npmjs.org/is-buffer/-/is-buffer-1.1.6.tgz",
			"integrity": "sha512-NcdALwpXkTm5Zvvbk7owOUSvVvBKDgKP5/ewfXEznmQFfs4ZRmanOeKBTjRVjka3QFoN6XJ+9F3USqfHqTaU5w=="
		},
		"is-extendable": {
			"version": "0.1.1",
			"resolved": "https://registry.npmjs.org/is-extendable/-/is-extendable-0.1.1.tgz",
			"integrity": "sha1-YrEQ4omkcUGOPsNqYX1HLjAd/Ik="
		},
		"is-plain-object": {
			"version": "2.0.4",
			"resolved": "https://registry.npmjs.org/is-plain-object/-/is-plain-object-2.0.4.tgz",
			"integrity": "sha512-h5PpgXkWitc38BBMYawTYMWJHFZJVnBquFE57xFpjB8pJFiF6gZ+bU+WyI/yqXiFR5mdLsgYNaPe8uao6Uv9Og==",
			"requires": {
				"isobject": "^3.0.1"
			}
		},
		"isexe": {
			"version": "2.0.0",
			"resolved": "https://registry.npmjs.org/isexe/-/isexe-2.0.0.tgz",
			"integrity": "sha1-6PvzdNxVb/iUehDcsFctYz8s+hA=",
			"dev": true
		},
		"isobject": {
			"version": "3.0.1",
			"resolved": "https://registry.npmjs.org/isobject/-/isobject-3.0.1.tgz",
			"integrity": "sha1-TkMekrEalzFjaqH5yNHMvP2reN8="
		},
		"kind-of": {
			"version": "3.2.2",
			"resolved": "https://registry.npmjs.org/kind-of/-/kind-of-3.2.2.tgz",
			"integrity": "sha1-MeohpzS6ubuw8yRm2JOupR5KPGQ=",
			"requires": {
				"is-buffer": "^1.1.5"
			}
		},
		"lazy-cache": {
			"version": "1.0.4",
			"resolved": "https://registry.npmjs.org/lazy-cache/-/lazy-cache-1.0.4.tgz",
			"integrity": "sha1-odePw6UEdMuAhF07O24dpJpEbo4="
		},
		"merge-deep": {
			"version": "3.0.2",
			"resolved": "https://registry.npmjs.org/merge-deep/-/merge-deep-3.0.2.tgz",
			"integrity": "sha512-T7qC8kg4Zoti1cFd8Cr0M+qaZfOwjlPDEdZIIPPB2JZctjaPM4fX+i7HOId69tAti2fvO6X5ldfYUONDODsrkA==",
			"requires": {
				"arr-union": "^3.1.0",
				"clone-deep": "^0.2.4",
				"kind-of": "^3.0.2"
			}
		},
		"mixin-object": {
			"version": "2.0.1",
			"resolved": "https://registry.npmjs.org/mixin-object/-/mixin-object-2.0.1.tgz",
			"integrity": "sha1-T7lJRB2rGCVA8f4DW6YOGUel5X4=",
			"requires": {
				"for-in": "^0.1.3",
				"is-extendable": "^0.1.1"
			},
			"dependencies": {
				"for-in": {
					"version": "0.1.8",
					"resolved": "https://registry.npmjs.org/for-in/-/for-in-0.1.8.tgz",
					"integrity": "sha1-2Hc5COMSVhCZUrH9ubP6hn0ndeE="
				}
			}
		},
		"path-key": {
			"version": "3.1.1",
			"resolved": "https://registry.npmjs.org/path-key/-/path-key-3.1.1.tgz",
			"integrity": "sha512-ojmeN0qd+y0jszEtoY48r0Peq5dwMEkIlCOu6Q5f41lfkswXuKtYrhgoTpLnyIcHm24Uhqx+5Tqm2InSwLhE6Q==",
			"dev": true
		},
		"shallow-clone": {
			"version": "0.1.2",
			"resolved": "https://registry.npmjs.org/shallow-clone/-/shallow-clone-0.1.2.tgz",
			"integrity": "sha1-WQnodLp3EG1zrEFM/sH/yofZcGA=",
			"requires": {
				"is-extendable": "^0.1.1",
				"kind-of": "^2.0.1",
				"lazy-cache": "^0.2.3",
				"mixin-object": "^2.0.1"
			},
			"dependencies": {
				"kind-of": {
					"version": "2.0.1",
					"resolved": "https://registry.npmjs.org/kind-of/-/kind-of-2.0.1.tgz",
					"integrity": "sha1-AY7HpM5+OobLkUG+UZ0kyPqpgbU=",
					"requires": {
						"is-buffer": "^1.0.2"
					}
				},
				"lazy-cache": {
					"version": "0.2.7",
					"resolved": "https://registry.npmjs.org/lazy-cache/-/lazy-cache-0.2.7.tgz",
					"integrity": "sha1-f+3fLctu23fRHvHRF6tf/fCrG2U="
				}
			}
		},
		"shebang-command": {
			"version": "2.0.0",
			"resolved": "https://registry.npmjs.org/shebang-command/-/shebang-command-2.0.0.tgz",
			"integrity": "sha512-kHxr2zZpYtdmrN1qDjrrX/Z1rR1kG8Dx+gkpK1G4eXmvXswmcE1hTWBWYUzlraYw1/yZp6YuDY77YtvbN0dmDA==",
			"dev": true,
			"requires": {
				"shebang-regex": "^3.0.0"
			}
		},
		"shebang-regex": {
			"version": "3.0.0",
			"resolved": "https://registry.npmjs.org/shebang-regex/-/shebang-regex-3.0.0.tgz",
			"integrity": "sha512-7++dFhtcx3353uBaq8DDR4NuxBetBzC7ZQOhmTQInHEd6bSrXdiEyzCvG07Z44UYdLShWUyXt5M/yhz8ekcb1A==",
			"dev": true
		},
		"supports-color": {
			"version": "7.2.0",
			"resolved": "https://registry.npmjs.org/supports-color/-/supports-color-7.2.0.tgz",
			"integrity": "sha512-qpCAvRl9stuOHveKsn7HncJRvv501qIacKzQlO/+Lwxc9+0q2wLyv4Dfvt80/DPn2pqOBsJdDiogXGR9+OvwRw==",
			"requires": {
				"has-flag": "^4.0.0"
			}
		},
		"which": {
			"version": "2.0.2",
			"resolved": "https://registry.npmjs.org/which/-/which-2.0.2.tgz",
			"integrity": "sha512-BLI3Tl1TW3Pvl70l3yq3Y64i+awpwXqsGBYWkkqMtnbXgrMD+yj7rhW0kuEDxzJaYXGjEW5ogapKNMEKNMjibA==",
			"dev": true,
			"requires": {
				"isexe": "^2.0.0"
			}
		}
	}
}
